// !$*UTF8*$!
{
	archiveVersion = 1;
	classes = {
	};
	objectVersion = 55;
	objects = {

/* Begin PBXBuildFile section */
		244A1FBF284E8B85002A9CED /* RawNetworkManager.swift in Sources */ = {isa = PBXBuildFile; fileRef = 244A1FBE284E8B85002A9CED /* RawNetworkManager.swift */; };
		244A1FC1284E8DB5002A9CED /* ImageNetworkManager.swift in Sources */ = {isa = PBXBuildFile; fileRef = 244A1FC0284E8DB5002A9CED /* ImageNetworkManager.swift */; };
		244A1FC5284E9CEB002A9CED /* Books.json in Resources */ = {isa = PBXBuildFile; fileRef = 244A1FC4284E9CEB002A9CED /* Books.json */; };
		2460669B284EBF37003FF033 /* MockNetworkManager.swift in Sources */ = {isa = PBXBuildFile; fileRef = 2460669A284EBF37003FF033 /* MockNetworkManager.swift */; };
		2460669D284EC047003FF033 /* NYTBestSellersTests.swift in Sources */ = {isa = PBXBuildFile; fileRef = 2460669C284EC047003FF033 /* NYTBestSellersTests.swift */; };
		246687F3284A5C4200F974DA /* AppDelegate.swift in Sources */ = {isa = PBXBuildFile; fileRef = 246687F2284A5C4200F974DA /* AppDelegate.swift */; };
		246687F5284A5C4200F974DA /* SceneDelegate.swift in Sources */ = {isa = PBXBuildFile; fileRef = 246687F4284A5C4200F974DA /* SceneDelegate.swift */; };
		246687F7284A5C4200F974DA /* ViewController.swift in Sources */ = {isa = PBXBuildFile; fileRef = 246687F6284A5C4200F974DA /* ViewController.swift */; };
		246687FC284A5C4500F974DA /* Assets.xcassets in Resources */ = {isa = PBXBuildFile; fileRef = 246687FB284A5C4500F974DA /* Assets.xcassets */; };
		246687FF284A5C4500F974DA /* LaunchScreen.storyboard in Resources */ = {isa = PBXBuildFile; fileRef = 246687FD284A5C4500F974DA /* LaunchScreen.storyboard */; };
		2466880A284A5C4500F974DA /* lskdfj.swift in Sources */ = {isa = PBXBuildFile; fileRef = 24668809284A5C4500F974DA /* lskdfj.swift */; };
		24668814284A5C4500F974DA /* NYTBestSellersUITests.swift in Sources */ = {isa = PBXBuildFile; fileRef = 24668813284A5C4500F974DA /* NYTBestSellersUITests.swift */; };
		24668816284A5C4500F974DA /* NYTBestSellersUITestsLaunchTests.swift in Sources */ = {isa = PBXBuildFile; fileRef = 24668815284A5C4500F974DA /* NYTBestSellersUITestsLaunchTests.swift */; };
		24668827284A616800F974DA /* Root.swift in Sources */ = {isa = PBXBuildFile; fileRef = 24668826284A616800F974DA /* Root.swift */; };
		24668829284A85C600F974DA /* Books.swift in Sources */ = {isa = PBXBuildFile; fileRef = 24668828284A85C600F974DA /* Books.swift */; };
		2466882B284A85F100F974DA /* BookNetworkManager.swift in Sources */ = {isa = PBXBuildFile; fileRef = 2466882A284A85F100F974DA /* BookNetworkManager.swift */; };
		2466882D284A860000F974DA /* NetworkURL.swift in Sources */ = {isa = PBXBuildFile; fileRef = 2466882C284A860000F974DA /* NetworkURL.swift */; };
		2466882F284A860F00F974DA /* NetworkError.swift in Sources */ = {isa = PBXBuildFile; fileRef = 2466882E284A860F00F974DA /* NetworkError.swift */; };
		24668831284A87B700F974DA /* ViewModelController.swift in Sources */ = {isa = PBXBuildFile; fileRef = 24668830284A87B700F974DA /* ViewModelController.swift */; };
		24668834284AE08500F974DA /* CellTableView.swift in Sources */ = {isa = PBXBuildFile; fileRef = 24668833284AE08500F974DA /* CellTableView.swift */; };
		24668836284AE0E400F974DA /* BooksDetailView.swift in Sources */ = {isa = PBXBuildFile; fileRef = 24668835284AE0E400F974DA /* BooksDetailView.swift */; };
/* End PBXBuildFile section */

/* Begin PBXContainerItemProxy section */
		24668806284A5C4500F974DA /* PBXContainerItemProxy */ = {
			isa = PBXContainerItemProxy;
			containerPortal = 246687E7284A5C4200F974DA /* Project object */;
			proxyType = 1;
			remoteGlobalIDString = 246687EE284A5C4200F974DA;
			remoteInfo = NYTBestSellers;
		};
		24668810284A5C4500F974DA /* PBXContainerItemProxy */ = {
			isa = PBXContainerItemProxy;
			containerPortal = 246687E7284A5C4200F974DA /* Project object */;
			proxyType = 1;
			remoteGlobalIDString = 246687EE284A5C4200F974DA;
			remoteInfo = NYTBestSellers;
		};
/* End PBXContainerItemProxy section */

/* Begin PBXFileReference section */
		244A1FBE284E8B85002A9CED /* RawNetworkManager.swift */ = {isa = PBXFileReference; lastKnownFileType = sourcecode.swift; path = RawNetworkManager.swift; sourceTree = "<group>"; };
		244A1FC0284E8DB5002A9CED /* ImageNetworkManager.swift */ = {isa = PBXFileReference; lastKnownFileType = sourcecode.swift; path = ImageNetworkManager.swift; sourceTree = "<group>"; };
		244A1FC4284E9CEB002A9CED /* Books.json */ = {isa = PBXFileReference; lastKnownFileType = text.json; path = Books.json; sourceTree = "<group>"; };
		2460669A284EBF37003FF033 /* MockNetworkManager.swift */ = {isa = PBXFileReference; lastKnownFileType = sourcecode.swift; path = MockNetworkManager.swift; sourceTree = "<group>"; };
		2460669C284EC047003FF033 /* NYTBestSellersTests.swift */ = {isa = PBXFileReference; lastKnownFileType = sourcecode.swift; path = NYTBestSellersTests.swift; sourceTree = "<group>"; };
		246687EF284A5C4200F974DA /* NYTBestSellers.app */ = {isa = PBXFileReference; explicitFileType = wrapper.application; includeInIndex = 0; path = NYTBestSellers.app; sourceTree = BUILT_PRODUCTS_DIR; };
		246687F2284A5C4200F974DA /* AppDelegate.swift */ = {isa = PBXFileReference; lastKnownFileType = sourcecode.swift; path = AppDelegate.swift; sourceTree = "<group>"; };
		246687F4284A5C4200F974DA /* SceneDelegate.swift */ = {isa = PBXFileReference; lastKnownFileType = sourcecode.swift; path = SceneDelegate.swift; sourceTree = "<group>"; };
		246687F6284A5C4200F974DA /* ViewController.swift */ = {isa = PBXFileReference; lastKnownFileType = sourcecode.swift; path = ViewController.swift; sourceTree = "<group>"; };
		246687FB284A5C4500F974DA /* Assets.xcassets */ = {isa = PBXFileReference; lastKnownFileType = folder.assetcatalog; path = Assets.xcassets; sourceTree = "<group>"; };
		246687FE284A5C4500F974DA /* Base */ = {isa = PBXFileReference; lastKnownFileType = file.storyboard; name = Base; path = Base.lproj/LaunchScreen.storyboard; sourceTree = "<group>"; };
		24668800284A5C4500F974DA /* Info.plist */ = {isa = PBXFileReference; lastKnownFileType = text.plist.xml; path = Info.plist; sourceTree = "<group>"; };
		24668805284A5C4500F974DA /* NYTBestSellersTests.xctest */ = {isa = PBXFileReference; explicitFileType = wrapper.cfbundle; includeInIndex = 0; path = NYTBestSellersTests.xctest; sourceTree = BUILT_PRODUCTS_DIR; };
		24668809284A5C4500F974DA /* lskdfj.swift */ = {isa = PBXFileReference; lastKnownFileType = sourcecode.swift; path = lskdfj.swift; sourceTree = "<group>"; };
		2466880F284A5C4500F974DA /* NYTBestSellersUITests.xctest */ = {isa = PBXFileReference; explicitFileType = wrapper.cfbundle; includeInIndex = 0; path = NYTBestSellersUITests.xctest; sourceTree = BUILT_PRODUCTS_DIR; };
		24668813284A5C4500F974DA /* NYTBestSellersUITests.swift */ = {isa = PBXFileReference; lastKnownFileType = sourcecode.swift; path = NYTBestSellersUITests.swift; sourceTree = "<group>"; };
		24668815284A5C4500F974DA /* NYTBestSellersUITestsLaunchTests.swift */ = {isa = PBXFileReference; lastKnownFileType = sourcecode.swift; path = NYTBestSellersUITestsLaunchTests.swift; sourceTree = "<group>"; };
		24668826284A616800F974DA /* Root.swift */ = {isa = PBXFileReference; lastKnownFileType = sourcecode.swift; path = Root.swift; sourceTree = "<group>"; };
		24668828284A85C600F974DA /* Books.swift */ = {isa = PBXFileReference; lastKnownFileType = sourcecode.swift; path = Books.swift; sourceTree = "<group>"; };
		2466882A284A85F100F974DA /* BookNetworkManager.swift */ = {isa = PBXFileReference; lastKnownFileType = sourcecode.swift; path = BookNetworkManager.swift; sourceTree = "<group>"; };
		2466882C284A860000F974DA /* NetworkURL.swift */ = {isa = PBXFileReference; lastKnownFileType = sourcecode.swift; path = NetworkURL.swift; sourceTree = "<group>"; };
		2466882E284A860F00F974DA /* NetworkError.swift */ = {isa = PBXFileReference; lastKnownFileType = sourcecode.swift; path = NetworkError.swift; sourceTree = "<group>"; };
		24668830284A87B700F974DA /* ViewModelController.swift */ = {isa = PBXFileReference; lastKnownFileType = sourcecode.swift; path = ViewModelController.swift; sourceTree = "<group>"; };
		24668833284AE08500F974DA /* CellTableView.swift */ = {isa = PBXFileReference; lastKnownFileType = sourcecode.swift; path = CellTableView.swift; sourceTree = "<group>"; };
		24668835284AE0E400F974DA /* BooksDetailView.swift */ = {isa = PBXFileReference; lastKnownFileType = sourcecode.swift; path = BooksDetailView.swift; sourceTree = "<group>"; };
/* End PBXFileReference section */

/* Begin PBXFrameworksBuildPhase section */
		246687EC284A5C4200F974DA /* Frameworks */ = {
			isa = PBXFrameworksBuildPhase;
			buildActionMask = 2147483647;
			files = (
			);
			runOnlyForDeploymentPostprocessing = 0;
		};
		24668802284A5C4500F974DA /* Frameworks */ = {
			isa = PBXFrameworksBuildPhase;
			buildActionMask = 2147483647;
			files = (
			);
			runOnlyForDeploymentPostprocessing = 0;
		};
		2466880C284A5C4500F974DA /* Frameworks */ = {
			isa = PBXFrameworksBuildPhase;
			buildActionMask = 2147483647;
			files = (
			);
			runOnlyForDeploymentPostprocessing = 0;
		};
/* End PBXFrameworksBuildPhase section */

/* Begin PBXGroup section */
		246687E6284A5C4200F974DA = {
			isa = PBXGroup;
			children = (
				246687F1284A5C4200F974DA /* NYTBestSellers */,
				24668808284A5C4500F974DA /* NYTBestSellersTests */,
				24668812284A5C4500F974DA /* NYTBestSellersUITests */,
				246687F0284A5C4200F974DA /* Products */,
			);
			sourceTree = "<group>";
		};
		246687F0284A5C4200F974DA /* Products */ = {
			isa = PBXGroup;
			children = (
				246687EF284A5C4200F974DA /* NYTBestSellers.app */,
				24668805284A5C4500F974DA /* NYTBestSellersTests.xctest */,
				2466880F284A5C4500F974DA /* NYTBestSellersUITests.xctest */,
			);
			name = Products;
			sourceTree = "<group>";
		};
		246687F1284A5C4200F974DA /* NYTBestSellers */ = {
			isa = PBXGroup;
			children = (
				24668825284A611800F974DA /* Model */,
				24668824284A611100F974DA /* View */,
				24668822284A60FE00F974DA /* ViewModel */,
				24668823284A610800F974DA /* Network */,
				246687F2284A5C4200F974DA /* AppDelegate.swift */,
				246687F4284A5C4200F974DA /* SceneDelegate.swift */,
				246687FB284A5C4500F974DA /* Assets.xcassets */,
				246687FD284A5C4500F974DA /* LaunchScreen.storyboard */,
				24668800284A5C4500F974DA /* Info.plist */,
			);
			path = NYTBestSellers;
			sourceTree = "<group>";
		};
		24668808284A5C4500F974DA /* NYTBestSellersTests */ = {
			isa = PBXGroup;
			children = (
				24668809284A5C4500F974DA /* lskdfj.swift */,
				244A1FC4284E9CEB002A9CED /* Books.json */,
				2460669A284EBF37003FF033 /* MockNetworkManager.swift */,
				2460669C284EC047003FF033 /* NYTBestSellersTests.swift */,
			);
			path = NYTBestSellersTests;
			sourceTree = "<group>";
		};
		24668812284A5C4500F974DA /* NYTBestSellersUITests */ = {
			isa = PBXGroup;
			children = (
				24668813284A5C4500F974DA /* NYTBestSellersUITests.swift */,
				24668815284A5C4500F974DA /* NYTBestSellersUITestsLaunchTests.swift */,
			);
			path = NYTBestSellersUITests;
			sourceTree = "<group>";
		};
		24668822284A60FE00F974DA /* ViewModel */ = {
			isa = PBXGroup;
			children = (
				24668830284A87B700F974DA /* ViewModelController.swift */,
			);
			path = ViewModel;
			sourceTree = "<group>";
		};
		24668823284A610800F974DA /* Network */ = {
			isa = PBXGroup;
			children = (
				244A1FC0284E8DB5002A9CED /* ImageNetworkManager.swift */,
				2466882A284A85F100F974DA /* BookNetworkManager.swift */,
				244A1FBE284E8B85002A9CED /* RawNetworkManager.swift */,
				2466882C284A860000F974DA /* NetworkURL.swift */,
				2466882E284A860F00F974DA /* NetworkError.swift */,
			);
			path = Network;
			sourceTree = "<group>";
		};
		24668824284A611100F974DA /* View */ = {
			isa = PBXGroup;
			children = (
				246687F6284A5C4200F974DA /* ViewController.swift */,
				24668833284AE08500F974DA /* CellTableView.swift */,
				24668835284AE0E400F974DA /* BooksDetailView.swift */,
			);
			path = View;
			sourceTree = "<group>";
		};
		24668825284A611800F974DA /* Model */ = {
			isa = PBXGroup;
			children = (
				24668826284A616800F974DA /* Root.swift */,
				24668828284A85C600F974DA /* Books.swift */,
			);
			path = Model;
			sourceTree = "<group>";
		};
/* End PBXGroup section */

/* Begin PBXNativeTarget section */
		246687EE284A5C4200F974DA /* NYTBestSellers */ = {
			isa = PBXNativeTarget;
			buildConfigurationList = 24668819284A5C4500F974DA /* Build configuration list for PBXNativeTarget "NYTBestSellers" */;
			buildPhases = (
				246687EB284A5C4200F974DA /* Sources */,
				246687EC284A5C4200F974DA /* Frameworks */,
				246687ED284A5C4200F974DA /* Resources */,
			);
			buildRules = (
			);
			dependencies = (
			);
			name = NYTBestSellers;
			productName = NYTBestSellers;
			productReference = 246687EF284A5C4200F974DA /* NYTBestSellers.app */;
			productType = "com.apple.product-type.application";
		};
		24668804284A5C4500F974DA /* NYTBestSellersTests */ = {
			isa = PBXNativeTarget;
			buildConfigurationList = 2466881C284A5C4500F974DA /* Build configuration list for PBXNativeTarget "NYTBestSellersTests" */;
			buildPhases = (
				24668801284A5C4500F974DA /* Sources */,
				24668802284A5C4500F974DA /* Frameworks */,
				24668803284A5C4500F974DA /* Resources */,
			);
			buildRules = (
			);
			dependencies = (
				24668807284A5C4500F974DA /* PBXTargetDependency */,
			);
			name = NYTBestSellersTests;
			productName = NYTBestSellersTests;
			productReference = 24668805284A5C4500F974DA /* NYTBestSellersTests.xctest */;
			productType = "com.apple.product-type.bundle.unit-test";
		};
		2466880E284A5C4500F974DA /* NYTBestSellersUITests */ = {
			isa = PBXNativeTarget;
			buildConfigurationList = 2466881F284A5C4500F974DA /* Build configuration list for PBXNativeTarget "NYTBestSellersUITests" */;
			buildPhases = (
				2466880B284A5C4500F974DA /* Sources */,
				2466880C284A5C4500F974DA /* Frameworks */,
				2466880D284A5C4500F974DA /* Resources */,
			);
			buildRules = (
			);
			dependencies = (
				24668811284A5C4500F974DA /* PBXTargetDependency */,
			);
			name = NYTBestSellersUITests;
			productName = NYTBestSellersUITests;
			productReference = 2466880F284A5C4500F974DA /* NYTBestSellersUITests.xctest */;
			productType = "com.apple.product-type.bundle.ui-testing";
		};
/* End PBXNativeTarget section */

/* Begin PBXProject section */
		246687E7284A5C4200F974DA /* Project object */ = {
			isa = PBXProject;
			attributes = {
				BuildIndependentTargetsInParallel = 1;
				LastSwiftUpdateCheck = 1340;
				LastUpgradeCheck = 1340;
				TargetAttributes = {
					246687EE284A5C4200F974DA = {
						CreatedOnToolsVersion = 13.4;
					};
					24668804284A5C4500F974DA = {
						CreatedOnToolsVersion = 13.4;
						TestTargetID = 246687EE284A5C4200F974DA;
					};
					2466880E284A5C4500F974DA = {
						CreatedOnToolsVersion = 13.4;
						TestTargetID = 246687EE284A5C4200F974DA;
					};
				};
			};
			buildConfigurationList = 246687EA284A5C4200F974DA /* Build configuration list for PBXProject "NYTBestSellers" */;
			compatibilityVersion = "Xcode 13.0";
			developmentRegion = en;
			hasScannedForEncodings = 0;
			knownRegions = (
				en,
				Base,
			);
			mainGroup = 246687E6284A5C4200F974DA;
			productRefGroup = 246687F0284A5C4200F974DA /* Products */;
			projectDirPath = "";
			projectRoot = "";
			targets = (
				246687EE284A5C4200F974DA /* NYTBestSellers */,
				24668804284A5C4500F974DA /* NYTBestSellersTests */,
				2466880E284A5C4500F974DA /* NYTBestSellersUITests */,
			);
		};
/* End PBXProject section */

/* Begin PBXResourcesBuildPhase section */
		246687ED284A5C4200F974DA /* Resources */ = {
			isa = PBXResourcesBuildPhase;
			buildActionMask = 2147483647;
			files = (
				246687FF284A5C4500F974DA /* LaunchScreen.storyboard in Resources */,
				246687FC284A5C4500F974DA /* Assets.xcassets in Resources */,
			);
			runOnlyForDeploymentPostprocessing = 0;
		};
		24668803284A5C4500F974DA /* Resources */ = {
			isa = PBXResourcesBuildPhase;
			buildActionMask = 2147483647;
			files = (
				244A1FC5284E9CEB002A9CED /* Books.json in Resources */,
			);
			runOnlyForDeploymentPostprocessing = 0;
		};
		2466880D284A5C4500F974DA /* Resources */ = {
			isa = PBXResourcesBuildPhase;
			buildActionMask = 2147483647;
			files = (
			);
			runOnlyForDeploymentPostprocessing = 0;
		};
/* End PBXResourcesBuildPhase section */

/* Begin PBXSourcesBuildPhase section */
		246687EB284A5C4200F974DA /* Sources */ = {
			isa = PBXSourcesBuildPhase;
			buildActionMask = 2147483647;
			files = (
				2466882B284A85F100F974DA /* BookNetworkManager.swift in Sources */,
				244A1FBF284E8B85002A9CED /* RawNetworkManager.swift in Sources */,
				2466882F284A860F00F974DA /* NetworkError.swift in Sources */,
				244A1FC1284E8DB5002A9CED /* ImageNetworkManager.swift in Sources */,
				24668831284A87B700F974DA /* ViewModelController.swift in Sources */,
				24668834284AE08500F974DA /* CellTableView.swift in Sources */,
				246687F7284A5C4200F974DA /* ViewController.swift in Sources */,
				24668836284AE0E400F974DA /* BooksDetailView.swift in Sources */,
				2466882D284A860000F974DA /* NetworkURL.swift in Sources */,
				24668827284A616800F974DA /* Root.swift in Sources */,
				246687F3284A5C4200F974DA /* AppDelegate.swift in Sources */,
				246687F5284A5C4200F974DA /* SceneDelegate.swift in Sources */,
				24668829284A85C600F974DA /* Books.swift in Sources */,
			);
			runOnlyForDeploymentPostprocessing = 0;
		};
		24668801284A5C4500F974DA /* Sources */ = {
			isa = PBXSourcesBuildPhase;
			buildActionMask = 2147483647;
			files = (
				2460669D284EC047003FF033 /* NYTBestSellersTests.swift in Sources */,
				2460669B284EBF37003FF033 /* MockNetworkManager.swift in Sources */,
				2466880A284A5C4500F974DA /* lskdfj.swift in Sources */,
			);
			runOnlyForDeploymentPostprocessing = 0;
		};
		2466880B284A5C4500F974DA /* Sources */ = {
			isa = PBXSourcesBuildPhase;
			buildActionMask = 2147483647;
			files = (
				24668814284A5C4500F974DA /* NYTBestSellersUITests.swift in Sources */,
				24668816284A5C4500F974DA /* NYTBestSellersUITestsLaunchTests.swift in Sources */,
			);
			runOnlyForDeploymentPostprocessing = 0;
		};
/* End PBXSourcesBuildPhase section */

/* Begin PBXTargetDependency section */
		24668807284A5C4500F974DA /* PBXTargetDependency */ = {
			isa = PBXTargetDependency;
			target = 246687EE284A5C4200F974DA /* NYTBestSellers */;
			targetProxy = 24668806284A5C4500F974DA /* PBXContainerItemProxy */;
		};
		24668811284A5C4500F974DA /* PBXTargetDependency */ = {
			isa = PBXTargetDependency;
			target = 246687EE284A5C4200F974DA /* NYTBestSellers */;
			targetProxy = 24668810284A5C4500F974DA /* PBXContainerItemProxy */;
		};
/* End PBXTargetDependency section */

/* Begin PBXVariantGroup section */
		246687FD284A5C4500F974DA /* LaunchScreen.storyboard */ = {
			isa = PBXVariantGroup;
			children = (
				246687FE284A5C4500F974DA /* Base */,
			);
			name = LaunchScreen.storyboard;
			sourceTree = "<group>";
		};
/* End PBXVariantGroup section */

/* Begin XCBuildConfiguration section */
		24668817284A5C4500F974DA /* Debug */ = {
			isa = XCBuildConfiguration;
			buildSettings = {
				ALWAYS_SEARCH_USER_PATHS = NO;
				CLANG_ANALYZER_NONNULL = YES;
				CLANG_ANALYZER_NUMBER_OBJECT_CONVERSION = YES_AGGRESSIVE;
				CLANG_CXX_LANGUAGE_STANDARD = "gnu++17";
				CLANG_ENABLE_MODULES = YES;
				CLANG_ENABLE_OBJC_ARC = YES;
				CLANG_ENABLE_OBJC_WEAK = YES;
				CLANG_WARN_BLOCK_CAPTURE_AUTORELEASING = YES;
				CLANG_WARN_BOOL_CONVERSION = YES;
				CLANG_WARN_COMMA = YES;
				CLANG_WARN_CONSTANT_CONVERSION = YES;
				CLANG_WARN_DEPRECATED_OBJC_IMPLEMENTATIONS = YES;
				CLANG_WARN_DIRECT_OBJC_ISA_USAGE = YES_ERROR;
				CLANG_WARN_DOCUMENTATION_COMMENTS = YES;
				CLANG_WARN_EMPTY_BODY = YES;
				CLANG_WARN_ENUM_CONVERSION = YES;
				CLANG_WARN_INFINITE_RECURSION = YES;
				CLANG_WARN_INT_CONVERSION = YES;
				CLANG_WARN_NON_LITERAL_NULL_CONVERSION = YES;
				CLANG_WARN_OBJC_IMPLICIT_RETAIN_SELF = YES;
				CLANG_WARN_OBJC_LITERAL_CONVERSION = YES;
				CLANG_WARN_OBJC_ROOT_CLASS = YES_ERROR;
				CLANG_WARN_QUOTED_INCLUDE_IN_FRAMEWORK_HEADER = YES;
				CLANG_WARN_RANGE_LOOP_ANALYSIS = YES;
				CLANG_WARN_STRICT_PROTOTYPES = YES;
				CLANG_WARN_SUSPICIOUS_MOVE = YES;
				CLANG_WARN_UNGUARDED_AVAILABILITY = YES_AGGRESSIVE;
				CLANG_WARN_UNREACHABLE_CODE = YES;
				CLANG_WARN__DUPLICATE_METHOD_MATCH = YES;
				COPY_PHASE_STRIP = NO;
				DEBUG_INFORMATION_FORMAT = dwarf;
				ENABLE_STRICT_OBJC_MSGSEND = YES;
				ENABLE_TESTABILITY = YES;
				GCC_C_LANGUAGE_STANDARD = gnu11;
				GCC_DYNAMIC_NO_PIC = NO;
				GCC_NO_COMMON_BLOCKS = YES;
				GCC_OPTIMIZATION_LEVEL = 0;
				GCC_PREPROCESSOR_DEFINITIONS = (
					"DEBUG=1",
					"$(inherited)",
				);
				GCC_WARN_64_TO_32_BIT_CONVERSION = YES;
				GCC_WARN_ABOUT_RETURN_TYPE = YES_ERROR;
				GCC_WARN_UNDECLARED_SELECTOR = YES;
				GCC_WARN_UNINITIALIZED_AUTOS = YES_AGGRESSIVE;
				GCC_WARN_UNUSED_FUNCTION = YES;
				GCC_WARN_UNUSED_VARIABLE = YES;
				IPHONEOS_DEPLOYMENT_TARGET = 15.5;
				MTL_ENABLE_DEBUG_INFO = INCLUDE_SOURCE;
				MTL_FAST_MATH = YES;
				ONLY_ACTIVE_ARCH = YES;
				SDKROOT = iphoneos;
				SWIFT_ACTIVE_COMPILATION_CONDITIONS = DEBUG;
				SWIFT_OPTIMIZATION_LEVEL = "-Onone";
			};
			name = Debug;
		};
		24668818284A5C4500F974DA /* Release */ = {
			isa = XCBuildConfiguration;
			buildSettings = {
				ALWAYS_SEARCH_USER_PATHS = NO;
				CLANG_ANALYZER_NONNULL = YES;
				CLANG_ANALYZER_NUMBER_OBJECT_CONVERSION = YES_AGGRESSIVE;
				CLANG_CXX_LANGUAGE_STANDARD = "gnu++17";
				CLANG_ENABLE_MODULES = YES;
				CLANG_ENABLE_OBJC_ARC = YES;
				CLANG_ENABLE_OBJC_WEAK = YES;
				CLANG_WARN_BLOCK_CAPTURE_AUTORELEASING = YES;
				CLANG_WARN_BOOL_CONVERSION = YES;
				CLANG_WARN_COMMA = YES;
				CLANG_WARN_CONSTANT_CONVERSION = YES;
				CLANG_WARN_DEPRECATED_OBJC_IMPLEMENTATIONS = YES;
				CLANG_WARN_DIRECT_OBJC_ISA_USAGE = YES_ERROR;
				CLANG_WARN_DOCUMENTATION_COMMENTS = YES;
				CLANG_WARN_EMPTY_BODY = YES;
				CLANG_WARN_ENUM_CONVERSION = YES;
				CLANG_WARN_INFINITE_RECURSION = YES;
				CLANG_WARN_INT_CONVERSION = YES;
				CLANG_WARN_NON_LITERAL_NULL_CONVERSION = YES;
				CLANG_WARN_OBJC_IMPLICIT_RETAIN_SELF = YES;
				CLANG_WARN_OBJC_LITERAL_CONVERSION = YES;
				CLANG_WARN_OBJC_ROOT_CLASS = YES_ERROR;
				CLANG_WARN_QUOTED_INCLUDE_IN_FRAMEWORK_HEADER = YES;
				CLANG_WARN_RANGE_LOOP_ANALYSIS = YES;
				CLANG_WARN_STRICT_PROTOTYPES = YES;
				CLANG_WARN_SUSPICIOUS_MOVE = YES;
				CLANG_WARN_UNGUARDED_AVAILABILITY = YES_AGGRESSIVE;
				CLANG_WARN_UNREACHABLE_CODE = YES;
				CLANG_WARN__DUPLICATE_METHOD_MATCH = YES;
				COPY_PHASE_STRIP = NO;
				DEBUG_INFORMATION_FORMAT = "dwarf-with-dsym";
				ENABLE_NS_ASSERTIONS = NO;
				ENABLE_STRICT_OBJC_MSGSEND = YES;
				GCC_C_LANGUAGE_STANDARD = gnu11;
				GCC_NO_COMMON_BLOCKS = YES;
				GCC_WARN_64_TO_32_BIT_CONVERSION = YES;
				GCC_WARN_ABOUT_RETURN_TYPE = YES_ERROR;
				GCC_WARN_UNDECLARED_SELECTOR = YES;
				GCC_WARN_UNINITIALIZED_AUTOS = YES_AGGRESSIVE;
				GCC_WARN_UNUSED_FUNCTION = YES;
				GCC_WARN_UNUSED_VARIABLE = YES;
				IPHONEOS_DEPLOYMENT_TARGET = 15.5;
				MTL_ENABLE_DEBUG_INFO = NO;
				MTL_FAST_MATH = YES;
				SDKROOT = iphoneos;
				SWIFT_COMPILATION_MODE = wholemodule;
				SWIFT_OPTIMIZATION_LEVEL = "-O";
				VALIDATE_PRODUCT = YES;
			};
			name = Release;
		};
		2466881A284A5C4500F974DA /* Debug */ = {
			isa = XCBuildConfiguration;
			buildSettings = {
				ASSETCATALOG_COMPILER_APPICON_NAME = AppIcon;
				ASSETCATALOG_COMPILER_GLOBAL_ACCENT_COLOR_NAME = AccentColor;
				CODE_SIGN_STYLE = Automatic;
				CURRENT_PROJECT_VERSION = 1;
				DEVELOPMENT_TEAM = WA88YFL86G;
				GENERATE_INFOPLIST_FILE = YES;
				INFOPLIST_FILE = NYTBestSellers/Info.plist;
				INFOPLIST_KEY_UIApplicationSupportsIndirectInputEvents = YES;
				INFOPLIST_KEY_UILaunchStoryboardName = LaunchScreen;
				INFOPLIST_KEY_UISupportedInterfaceOrientations_iPad = "UIInterfaceOrientationPortrait UIInterfaceOrientationPortraitUpsideDown UIInterfaceOrientationLandscapeLeft UIInterfaceOrientationLandscapeRight";
				INFOPLIST_KEY_UISupportedInterfaceOrientations_iPhone = "UIInterfaceOrientationPortrait UIInterfaceOrientationLandscapeLeft UIInterfaceOrientationLandscapeRight";
				LD_RUNPATH_SEARCH_PATHS = (
					"$(inherited)",
					"@executable_path/Frameworks",
				);
				MARKETING_VERSION = 1.0;
				PRODUCT_BUNDLE_IDENTIFIER = com.fernando.NYTBestSellers;
				PRODUCT_NAME = "$(TARGET_NAME)";
				SWIFT_EMIT_LOC_STRINGS = YES;
				SWIFT_VERSION = 5.0;
				TARGETED_DEVICE_FAMILY = 1;
			};
			name = Debug;
		};
		2466881B284A5C4500F974DA /* Release */ = {
			isa = XCBuildConfiguration;
			buildSettings = {
				ASSETCATALOG_COMPILER_APPICON_NAME = AppIcon;
				ASSETCATALOG_COMPILER_GLOBAL_ACCENT_COLOR_NAME = AccentColor;
				CODE_SIGN_STYLE = Automatic;
				CURRENT_PROJECT_VERSION = 1;
				DEVELOPMENT_TEAM = WA88YFL86G;
				GENERATE_INFOPLIST_FILE = YES;
				INFOPLIST_FILE = NYTBestSellers/Info.plist;
				INFOPLIST_KEY_UIApplicationSupportsIndirectInputEvents = YES;
				INFOPLIST_KEY_UILaunchStoryboardName = LaunchScreen;
				INFOPLIST_KEY_UISupportedInterfaceOrientations_iPad = "UIInterfaceOrientationPortrait UIInterfaceOrientationPortraitUpsideDown UIInterfaceOrientationLandscapeLeft UIInterfaceOrientationLandscapeRight";
				INFOPLIST_KEY_UISupportedInterfaceOrientations_iPhone = "UIInterfaceOrientationPortrait UIInterfaceOrientationLandscapeLeft UIInterfaceOrientationLandscapeRight";
				LD_RUNPATH_SEARCH_PATHS = (
					"$(inherited)",
					"@executable_path/Frameworks",
				);
				MARKETING_VERSION = 1.0;
				PRODUCT_BUNDLE_IDENTIFIER = com.fernando.NYTBestSellers;
				PRODUCT_NAME = "$(TARGET_NAME)";
				SWIFT_EMIT_LOC_STRINGS = YES;
				SWIFT_VERSION = 5.0;
				TARGETED_DEVICE_FAMILY = 1;
			};
			name = Release;
		};
		2466881D284A5C4500F974DA /* Debug */ = {
			isa = XCBuildConfiguration;
			buildSettings = {
				ALWAYS_EMBED_SWIFT_STANDARD_LIBRARIES = YES;
				BUNDLE_LOADER = "$(TEST_HOST)";
				CODE_SIGN_STYLE = Automatic;
				CURRENT_PROJECT_VERSION = 1;
				DEVELOPMENT_TEAM = WA88YFL86G;
				GENERATE_INFOPLIST_FILE = YES;
				IPHONEOS_DEPLOYMENT_TARGET = 15.5;
				MARKETING_VERSION = 1.0;
				PRODUCT_BUNDLE_IDENTIFIER = com.fernando.NYTBestSellersTests;
				PRODUCT_NAME = "$(TARGET_NAME)";
				SWIFT_EMIT_LOC_STRINGS = NO;
				SWIFT_VERSION = 5.0;
				TARGETED_DEVICE_FAMILY = "1,2";
				TEST_HOST = "$(BUILT_PRODUCTS_DIR)/NYTBestSellers.app/NYTBestSellers";
			};
			name = Debug;
		};
		2466881E284A5C4500F974DA /* Release */ = {
			isa = XCBuildConfiguration;
			buildSettings = {
				ALWAYS_EMBED_SWIFT_STANDARD_LIBRARIES = YES;
				BUNDLE_LOADER = "$(TEST_HOST)";
				CODE_SIGN_STYLE = Automatic;
				CURRENT_PROJECT_VERSION = 1;
				DEVELOPMENT_TEAM = WA88YFL86G;
				GENERATE_INFOPLIST_FILE = YES;
				IPHONEOS_DEPLOYMENT_TARGET = 15.5;
				MARKETING_VERSION = 1.0;
				PRODUCT_BUNDLE_IDENTIFIER = com.fernando.NYTBestSellersTests;
				PRODUCT_NAME = "$(TARGET_NAME)";
				SWIFT_EMIT_LOC_STRINGS = NO;
				SWIFT_VERSION = 5.0;
				TARGETED_DEVICE_FAMILY = "1,2";
				TEST_HOST = "$(BUILT_PRODUCTS_DIR)/NYTBestSellers.app/NYTBestSellers";
			};
			name = Release;
		};
		24668820284A5C4500F974DA /* Debug */ = {
			isa = XCBuildConfiguration;
			buildSettings = {
				ALWAYS_EMBED_SWIFT_STANDARD_LIBRARIES = YES;
				CODE_SIGN_STYLE = Automatic;
				CURRENT_PROJECT_VERSION = 1;
				DEVELOPMENT_TEAM = WA88YFL86G;
				GENERATE_INFOPLIST_FILE = YES;
				MARKETING_VERSION = 1.0;
				PRODUCT_BUNDLE_IDENTIFIER = com.fernando.NYTBestSellersUITests;
				PRODUCT_NAME = "$(TARGET_NAME)";
				SWIFT_EMIT_LOC_STRINGS = NO;
				SWIFT_VERSION = 5.0;
				TARGETED_DEVICE_FAMILY = "1,2";
				TEST_TARGET_NAME = NYTBestSellers;
			};
			name = Debug;
		};
		24668821284A5C4500F974DA /* Release */ = {
			isa = XCBuildConfiguration;
			buildSettings = {
				ALWAYS_EMBED_SWIFT_STANDARD_LIBRARIES = YES;
				CODE_SIGN_STYLE = Automatic;
				CURRENT_PROJECT_VERSION = 1;
				DEVELOPMENT_TEAM = WA88YFL86G;
				GENERATE_INFOPLIST_FILE = YES;
				MARKETING_VERSION = 1.0;
				PRODUCT_BUNDLE_IDENTIFIER = com.fernando.NYTBestSellersUITests;
				PRODUCT_NAME = "$(TARGET_NAME)";
				SWIFT_EMIT_LOC_STRINGS = NO;
				SWIFT_VERSION = 5.0;
				TARGETED_DEVICE_FAMILY = "1,2";
				TEST_TARGET_NAME = NYTBestSellers;
			};
			name = Release;
		};
/* End XCBuildConfiguration section */

/* Begin XCConfigurationList section */
		246687EA284A5C4200F974DA /* Build configuration list for PBXProject "NYTBestSellers" */ = {
			isa = XCConfigurationList;
			buildConfigurations = (
				24668817284A5C4500F974DA /* Debug */,
				24668818284A5C4500F974DA /* Release */,
			);
			defaultConfigurationIsVisible = 0;
			defaultConfigurationName = Release;
		};
		24668819284A5C4500F974DA /* Build configuration list for PBXNativeTarget "NYTBestSellers" */ = {
			isa = XCConfigurationList;
			buildConfigurations = (
				2466881A284A5C4500F974DA /* Debug */,
				2466881B284A5C4500F974DA /* Release */,
			);
			defaultConfigurationIsVisible = 0;
			defaultConfigurationName = Release;
		};
		2466881C284A5C4500F974DA /* Build configuration list for PBXNativeTarget "NYTBestSellersTests" */ = {
			isa = XCConfigurationList;
			buildConfigurations = (
				2466881D284A5C4500F974DA /* Debug */,
				2466881E284A5C4500F974DA /* Release */,
			);
			defaultConfigurationIsVisible = 0;
			defaultConfigurationName = Release;
		};
		2466881F284A5C4500F974DA /* Build configuration list for PBXNativeTarget "NYTBestSellersUITests" */ = {
			isa = XCConfigurationList;
			buildConfigurations = (
				24668820284A5C4500F974DA /* Debug */,
				24668821284A5C4500F974DA /* Release */,
			);
			defaultConfigurationIsVisible = 0;
			defaultConfigurationName = Release;
		};
/* End XCConfigurationList section */
	};
	rootObject = 246687E7284A5C4200F974DA /* Project object */;
}
